
Microsoft Visual Studio Solution File, Format Version 12.00
# Visual Studio Version 17
VisualStudioVersion = 17.4.33403.182
MinimumVisualStudioVersion = 10.0.40219.1
Project("{FAE04EC0-301F-11D3-BF4B-00C04F79EFBC}") = "Addressbook_ADODotNet", "Addressbook_ADODotNet\Addressbook_ADODotNet.csproj", "{DF4F61C0-502C-431A-90E4-9B4D942DAFF8}"
EndProject
Global
	GlobalSection(SolutionConfigurationPlatforms) = preSolution
		Debug|Any CPU = Debug|Any CPU
		Release|Any CPU = Release|Any CPU
	EndGlobalSection
	GlobalSection(ProjectConfigurationPlatforms) = postSolution
		{DF4F61C0-502C-431A-90E4-9B4D942DAFF8}.Debug|Any CPU.ActiveCfg = Debug|Any CPU
		{DF4F61C0-502C-431A-90E4-9B4D942DAFF8}.Debug|Any CPU.Build.0 = Debug|Any CPU
		{DF4F61C0-502C-431A-90E4-9B4D942DAFF8}.Release|Any CPU.ActiveCfg = Release|Any CPU
		{DF4F61C0-502C-431A-90E4-9B4D942DAFF8}.Release|Any CPU.Build.0 = Release|Any CPU
	EndGlobalSection
	GlobalSection(SolutionProperties) = preSolution
		HideSolutionNode = FALSE
	EndGlobalSection
	GlobalSection(ExtensibilityGlobals) = postSolution
		SolutionGuid = {CBB9100D-6A51-4E29-9725-05C9AF4A8433}
	EndGlobalSection
EndGlobal
